
Microsoft Visual Studio Solution File, Format Version 12.00
# Visual Studio Version 17
VisualStudioVersion = 17.5.33516.290
MinimumVisualStudioVersion = 10.0.40219.1
Project("{FAE04EC0-301F-11D3-BF4B-00C04F79EFBC}") = "WebAPI", "WebAPI\WebAPI.csproj", "{4385177A-D660-4F1C-8C6B-5899F23B57ED}"
EndProject
Global
	GlobalSection(SolutionConfigurationPlatforms) = preSolution
		Debug|Any CPU = Debug|Any CPU
		Release|Any CPU = Release|Any CPU
	EndGlobalSection
	GlobalSection(ProjectConfigurationPlatforms) = postSolution
		{4385177A-D660-4F1C-8C6B-5899F23B57ED}.Debug|Any CPU.ActiveCfg = Debug|Any CPU
		{4385177A-D660-4F1C-8C6B-5899F23B57ED}.Debug|Any CPU.Build.0 = Debug|Any CPU
		{4385177A-D660-4F1C-8C6B-5899F23B57ED}.Release|Any CPU.ActiveCfg = Release|Any CPU
		{4385177A-D660-4F1C-8C6B-5899F23B57ED}.Release|Any CPU.Build.0 = Release|Any CPU
	EndGlobalSection
	GlobalSection(SolutionProperties) = preSolution
		HideSolutionNode = FALSE
	EndGlobalSection
	GlobalSection(ExtensibilityGlobals) = postSolution
		SolutionGuid = {F77143FA-F488-4D2B-8230-3D9BE0AA9032}
	EndGlobalSection
EndGlobal
